
Microsoft Visual Studio Solution File, Format Version 12.00
# Visual Studio 15
VisualStudioVersion = 15.0.28307.421
MinimumVisualStudioVersion = 10.0.40219.1
Project("{FAE04EC0-301F-11D3-BF4B-00C04F79EFBC}") = "From decimal numeric system to N numeric system", "From decimal numeric system to N numeric system\From decimal numeric system to N numeric system.csproj", "{87851D00-5358-4883-92D2-CDB9D374C0A1}"
EndProject
Project("{FAE04EC0-301F-11D3-BF4B-00C04F79EFBC}") = "From N num syst t decimal num syst", "From N num syst t decimal num syst\From N num syst t decimal num syst.csproj", "{5BAE9AF2-22C2-45AE-BD65-FF218C7AE896}"
EndProject
Project("{FAE04EC0-301F-11D3-BF4B-00C04F79EFBC}") = "Reverse a string", "Reverse a string\Reverse a string.csproj", "{08FD58D7-AED3-48C6-9C46-2143E6F8D55B}"
EndProject
Project("{FAE04EC0-301F-11D3-BF4B-00C04F79EFBC}") = "Multiplication of character codes", "Multiplication of character codes\Multiplication of character codes.csproj", "{BC236722-5AFA-4AE0-98D0-89A31CBA7807}"
EndProject
Project("{FAE04EC0-301F-11D3-BF4B-00C04F79EFBC}") = "Palindrome", "Palindrome\Palindrome.csproj", "{144CF5B7-75BF-4F35-BF56-87EA18A56760}"
EndProject
Project("{FAE04EC0-301F-11D3-BF4B-00C04F79EFBC}") = "Magical words", "Magical words\Magical words.csproj", "{D6B61FD2-4968-4E1C-AA16-11B733E5CE23}"
EndProject
Project("{FAE04EC0-301F-11D3-BF4B-00C04F79EFBC}") = "Sum of big numbers", "Sum of big numbers\Sum of big numbers.csproj", "{459408FA-635A-4B39-A8FF-44623E069C54}"
EndProject
Global
	GlobalSection(SolutionConfigurationPlatforms) = preSolution
		Debug|Any CPU = Debug|Any CPU
		Release|Any CPU = Release|Any CPU
	EndGlobalSection
	GlobalSection(ProjectConfigurationPlatforms) = postSolution
		{87851D00-5358-4883-92D2-CDB9D374C0A1}.Debug|Any CPU.ActiveCfg = Debug|Any CPU
		{87851D00-5358-4883-92D2-CDB9D374C0A1}.Debug|Any CPU.Build.0 = Debug|Any CPU
		{87851D00-5358-4883-92D2-CDB9D374C0A1}.Release|Any CPU.ActiveCfg = Release|Any CPU
		{87851D00-5358-4883-92D2-CDB9D374C0A1}.Release|Any CPU.Build.0 = Release|Any CPU
		{5BAE9AF2-22C2-45AE-BD65-FF218C7AE896}.Debug|Any CPU.ActiveCfg = Debug|Any CPU
		{5BAE9AF2-22C2-45AE-BD65-FF218C7AE896}.Debug|Any CPU.Build.0 = Debug|Any CPU
		{5BAE9AF2-22C2-45AE-BD65-FF218C7AE896}.Release|Any CPU.ActiveCfg = Release|Any CPU
		{5BAE9AF2-22C2-45AE-BD65-FF218C7AE896}.Release|Any CPU.Build.0 = Release|Any CPU
		{08FD58D7-AED3-48C6-9C46-2143E6F8D55B}.Debug|Any CPU.ActiveCfg = Debug|Any CPU
		{08FD58D7-AED3-48C6-9C46-2143E6F8D55B}.Debug|Any CPU.Build.0 = Debug|Any CPU
		{08FD58D7-AED3-48C6-9C46-2143E6F8D55B}.Release|Any CPU.ActiveCfg = Release|Any CPU
		{08FD58D7-AED3-48C6-9C46-2143E6F8D55B}.Release|Any CPU.Build.0 = Release|Any CPU
		{BC236722-5AFA-4AE0-98D0-89A31CBA7807}.Debug|Any CPU.ActiveCfg = Debug|Any CPU
		{BC236722-5AFA-4AE0-98D0-89A31CBA7807}.Debug|Any CPU.Build.0 = Debug|Any CPU
		{BC236722-5AFA-4AE0-98D0-89A31CBA7807}.Release|Any CPU.ActiveCfg = Release|Any CPU
		{BC236722-5AFA-4AE0-98D0-89A31CBA7807}.Release|Any CPU.Build.0 = Release|Any CPU
		{144CF5B7-75BF-4F35-BF56-87EA18A56760}.Debug|Any CPU.ActiveCfg = Debug|Any CPU
		{144CF5B7-75BF-4F35-BF56-87EA18A56760}.Debug|Any CPU.Build.0 = Debug|Any CPU
		{144CF5B7-75BF-4F35-BF56-87EA18A56760}.Release|Any CPU.ActiveCfg = Release|Any CPU
		{144CF5B7-75BF-4F35-BF56-87EA18A56760}.Release|Any CPU.Build.0 = Release|Any CPU
		{D6B61FD2-4968-4E1C-AA16-11B733E5CE23}.Debug|Any CPU.ActiveCfg = Debug|Any CPU
		{D6B61FD2-4968-4E1C-AA16-11B733E5CE23}.Debug|Any CPU.Build.0 = Debug|Any CPU
		{D6B61FD2-4968-4E1C-AA16-11B733E5CE23}.Release|Any CPU.ActiveCfg = Release|Any CPU
		{D6B61FD2-4968-4E1C-AA16-11B733E5CE23}.Release|Any CPU.Build.0 = Release|Any CPU
		{459408FA-635A-4B39-A8FF-44623E069C54}.Debug|Any CPU.ActiveCfg = Debug|Any CPU
		{459408FA-635A-4B39-A8FF-44623E069C54}.Debug|Any CPU.Build.0 = Debug|Any CPU
		{459408FA-635A-4B39-A8FF-44623E069C54}.Release|Any CPU.ActiveCfg = Release|Any CPU
		{459408FA-635A-4B39-A8FF-44623E069C54}.Release|Any CPU.Build.0 = Release|Any CPU
	EndGlobalSection
	GlobalSection(SolutionProperties) = preSolution
		HideSolutionNode = FALSE
	EndGlobalSection
	GlobalSection(ExtensibilityGlobals) = postSolution
		SolutionGuid = {0D1B831E-B033-49CD-A4CF-0EAE1E16B822}
	EndGlobalSection
EndGlobal
