
Microsoft Visual Studio Solution File, Format Version 12.00
# Visual Studio Version 16
VisualStudioVersion = 16.0.29102.190
MinimumVisualStudioVersion = 10.0.40219.1
Project("{FAE04EC0-301F-11D3-BF4B-00C04F79EFBC}") = "Skeleton", "Skeleton\Skeleton.csproj", "{B7C13488-44A9-432D-A12C-ED88E9656144}"
EndProject
Project("{FAE04EC0-301F-11D3-BF4B-00C04F79EFBC}") = "Tests", "Tests\Tests.csproj", "{8EDF4429-251A-416D-BB68-93F227191BCF}"
EndProject
Project("{FAE04EC0-301F-11D3-BF4B-00C04F79EFBC}") = "Inheritance", "Inheritance\Inheritance.csproj", "{FAB99545-1D2F-4198-B094-CBC135CCF80D}"
EndProject
Project("{FAE04EC0-301F-11D3-BF4B-00C04F79EFBC}") = "RandomList", "RandomList\RandomList.csproj", "{C4542BC8-87D8-4AEA-97BE-19BAB5B86062}"
EndProject
Project("{FAE04EC0-301F-11D3-BF4B-00C04F79EFBC}") = "StackOfStrings", "StackOfStrings\StackOfStrings.csproj", "{D31D5E2D-C405-4676-BDB4-0046D202E587}"
EndProject
Project("{FAE04EC0-301F-11D3-BF4B-00C04F79EFBC}") = "ColoredFigure", "ColoredFigure4\ColoredFigure.csproj", "{32B1BEE8-1FFE-4B72-B9D2-CC590444D787}"
EndProject
Project("{FAE04EC0-301F-11D3-BF4B-00C04F79EFBC}") = "Figures", "Figures\Figures.csproj", "{21512B3C-E1DE-4393-A60D-5221BCB8686A}"
EndProject
Project("{FAE04EC0-301F-11D3-BF4B-00C04F79EFBC}") = "Cars", "Cars\Cars.csproj", "{95E211EE-BD4D-40BD-8168-7A05F363A86D}"
EndProject
Project("{FAE04EC0-301F-11D3-BF4B-00C04F79EFBC}") = "Defining IPerson", "Defining IPerson\Defining IPerson.csproj", "{BCE0D47D-8A80-4490-B297-0309B2278639}"
EndProject
Project("{FAE04EC0-301F-11D3-BF4B-00C04F79EFBC}") = "Sites and Numbers", "Sites and Numbers\Sites and Numbers.csproj", "{E781888F-B2BC-43A4-A52D-93127D313148}"
EndProject
Project("{FAE04EC0-301F-11D3-BF4B-00C04F79EFBC}") = "Workers", "Workers\Workers.csproj", "{51DFA833-5A6A-481F-B57B-B20880E772C5}"
EndProject
Project("{FAE04EC0-301F-11D3-BF4B-00C04F79EFBC}") = "AnimalKingdom", "AnimalKingdom\AnimalKingdom.csproj", "{7EBBAFF5-1663-435B-89BE-D65CD1E4A048}"
EndProject
Project("{FAE04EC0-301F-11D3-BF4B-00C04F79EFBC}") = "BorderControl", "BorderControl\BorderControl.csproj", "{FEE3F131-BF94-456E-9F08-AC86A11C0BE9}"
EndProject
Global
	GlobalSection(SolutionConfigurationPlatforms) = preSolution
		Debug|Any CPU = Debug|Any CPU
		Release|Any CPU = Release|Any CPU
	EndGlobalSection
	GlobalSection(ProjectConfigurationPlatforms) = postSolution
		{B7C13488-44A9-432D-A12C-ED88E9656144}.Debug|Any CPU.ActiveCfg = Debug|Any CPU
		{B7C13488-44A9-432D-A12C-ED88E9656144}.Debug|Any CPU.Build.0 = Debug|Any CPU
		{B7C13488-44A9-432D-A12C-ED88E9656144}.Release|Any CPU.ActiveCfg = Release|Any CPU
		{B7C13488-44A9-432D-A12C-ED88E9656144}.Release|Any CPU.Build.0 = Release|Any CPU
		{8EDF4429-251A-416D-BB68-93F227191BCF}.Debug|Any CPU.ActiveCfg = Debug|Any CPU
		{8EDF4429-251A-416D-BB68-93F227191BCF}.Debug|Any CPU.Build.0 = Debug|Any CPU
		{8EDF4429-251A-416D-BB68-93F227191BCF}.Release|Any CPU.ActiveCfg = Release|Any CPU
		{8EDF4429-251A-416D-BB68-93F227191BCF}.Release|Any CPU.Build.0 = Release|Any CPU
		{FAB99545-1D2F-4198-B094-CBC135CCF80D}.Debug|Any CPU.ActiveCfg = Debug|Any CPU
		{FAB99545-1D2F-4198-B094-CBC135CCF80D}.Debug|Any CPU.Build.0 = Debug|Any CPU
		{FAB99545-1D2F-4198-B094-CBC135CCF80D}.Release|Any CPU.ActiveCfg = Release|Any CPU
		{FAB99545-1D2F-4198-B094-CBC135CCF80D}.Release|Any CPU.Build.0 = Release|Any CPU
		{C4542BC8-87D8-4AEA-97BE-19BAB5B86062}.Debug|Any CPU.ActiveCfg = Debug|Any CPU
		{C4542BC8-87D8-4AEA-97BE-19BAB5B86062}.Debug|Any CPU.Build.0 = Debug|Any CPU
		{C4542BC8-87D8-4AEA-97BE-19BAB5B86062}.Release|Any CPU.ActiveCfg = Release|Any CPU
		{C4542BC8-87D8-4AEA-97BE-19BAB5B86062}.Release|Any CPU.Build.0 = Release|Any CPU
		{D31D5E2D-C405-4676-BDB4-0046D202E587}.Debug|Any CPU.ActiveCfg = Debug|Any CPU
		{D31D5E2D-C405-4676-BDB4-0046D202E587}.Debug|Any CPU.Build.0 = Debug|Any CPU
		{D31D5E2D-C405-4676-BDB4-0046D202E587}.Release|Any CPU.ActiveCfg = Release|Any CPU
		{D31D5E2D-C405-4676-BDB4-0046D202E587}.Release|Any CPU.Build.0 = Release|Any CPU
		{32B1BEE8-1FFE-4B72-B9D2-CC590444D787}.Debug|Any CPU.ActiveCfg = Debug|Any CPU
		{32B1BEE8-1FFE-4B72-B9D2-CC590444D787}.Debug|Any CPU.Build.0 = Debug|Any CPU
		{32B1BEE8-1FFE-4B72-B9D2-CC590444D787}.Release|Any CPU.ActiveCfg = Release|Any CPU
		{32B1BEE8-1FFE-4B72-B9D2-CC590444D787}.Release|Any CPU.Build.0 = Release|Any CPU
		{21512B3C-E1DE-4393-A60D-5221BCB8686A}.Debug|Any CPU.ActiveCfg = Debug|Any CPU
		{21512B3C-E1DE-4393-A60D-5221BCB8686A}.Debug|Any CPU.Build.0 = Debug|Any CPU
		{21512B3C-E1DE-4393-A60D-5221BCB8686A}.Release|Any CPU.ActiveCfg = Release|Any CPU
		{21512B3C-E1DE-4393-A60D-5221BCB8686A}.Release|Any CPU.Build.0 = Release|Any CPU
		{95E211EE-BD4D-40BD-8168-7A05F363A86D}.Debug|Any CPU.ActiveCfg = Debug|Any CPU
		{95E211EE-BD4D-40BD-8168-7A05F363A86D}.Debug|Any CPU.Build.0 = Debug|Any CPU
		{95E211EE-BD4D-40BD-8168-7A05F363A86D}.Release|Any CPU.ActiveCfg = Release|Any CPU
		{95E211EE-BD4D-40BD-8168-7A05F363A86D}.Release|Any CPU.Build.0 = Release|Any CPU
		{BCE0D47D-8A80-4490-B297-0309B2278639}.Debug|Any CPU.ActiveCfg = Debug|Any CPU
		{BCE0D47D-8A80-4490-B297-0309B2278639}.Debug|Any CPU.Build.0 = Debug|Any CPU
		{BCE0D47D-8A80-4490-B297-0309B2278639}.Release|Any CPU.ActiveCfg = Release|Any CPU
		{BCE0D47D-8A80-4490-B297-0309B2278639}.Release|Any CPU.Build.0 = Release|Any CPU
		{E781888F-B2BC-43A4-A52D-93127D313148}.Debug|Any CPU.ActiveCfg = Debug|Any CPU
		{E781888F-B2BC-43A4-A52D-93127D313148}.Debug|Any CPU.Build.0 = Debug|Any CPU
		{E781888F-B2BC-43A4-A52D-93127D313148}.Release|Any CPU.ActiveCfg = Release|Any CPU
		{E781888F-B2BC-43A4-A52D-93127D313148}.Release|Any CPU.Build.0 = Release|Any CPU
		{51DFA833-5A6A-481F-B57B-B20880E772C5}.Debug|Any CPU.ActiveCfg = Debug|Any CPU
		{51DFA833-5A6A-481F-B57B-B20880E772C5}.Debug|Any CPU.Build.0 = Debug|Any CPU
		{51DFA833-5A6A-481F-B57B-B20880E772C5}.Release|Any CPU.ActiveCfg = Release|Any CPU
		{51DFA833-5A6A-481F-B57B-B20880E772C5}.Release|Any CPU.Build.0 = Release|Any CPU
		{7EBBAFF5-1663-435B-89BE-D65CD1E4A048}.Debug|Any CPU.ActiveCfg = Debug|Any CPU
		{7EBBAFF5-1663-435B-89BE-D65CD1E4A048}.Debug|Any CPU.Build.0 = Debug|Any CPU
		{7EBBAFF5-1663-435B-89BE-D65CD1E4A048}.Release|Any CPU.ActiveCfg = Release|Any CPU
		{7EBBAFF5-1663-435B-89BE-D65CD1E4A048}.Release|Any CPU.Build.0 = Release|Any CPU
		{FEE3F131-BF94-456E-9F08-AC86A11C0BE9}.Debug|Any CPU.ActiveCfg = Debug|Any CPU
		{FEE3F131-BF94-456E-9F08-AC86A11C0BE9}.Debug|Any CPU.Build.0 = Debug|Any CPU
		{FEE3F131-BF94-456E-9F08-AC86A11C0BE9}.Release|Any CPU.ActiveCfg = Release|Any CPU
		{FEE3F131-BF94-456E-9F08-AC86A11C0BE9}.Release|Any CPU.Build.0 = Release|Any CPU
	EndGlobalSection
	GlobalSection(SolutionProperties) = preSolution
		HideSolutionNode = FALSE
	EndGlobalSection
	GlobalSection(ExtensibilityGlobals) = postSolution
		SolutionGuid = {31F93E8D-A357-45A8-947E-C9BC94C1E949}
	EndGlobalSection
EndGlobal
