
Microsoft Visual Studio Solution File, Format Version 12.00
# Visual Studio Version 16
VisualStudioVersion = 16.0.29001.49
MinimumVisualStudioVersion = 10.0.40219.1
Project("{FAE04EC0-301F-11D3-BF4B-00C04F79EFBC}") = "Implementing ArrayList", "Implementing ArrayList\Implementing ArrayList.csproj", "{96CBEE01-E5FC-4A86-950F-F319C79A2D8C}"
EndProject
Project("{FAE04EC0-301F-11D3-BF4B-00C04F79EFBC}") = "Implementing LinkedList", "Implementing LinkedList\Implementing LinkedList.csproj", "{A37A466E-CAB7-496B-9321-52EC32D46652}"
EndProject
Project("{FAE04EC0-301F-11D3-BF4B-00C04F79EFBC}") = "ImplementingQueue", "ImplementingQueue\ImplementingQueue.csproj", "{CE115336-E562-449E-9F75-399F444F7A29}"
EndProject
Project("{FAE04EC0-301F-11D3-BF4B-00C04F79EFBC}") = "Implementing Stack", "Implementing Stack\Implementing Stack.csproj", "{77646E76-CB40-4B34-8686-A455E4B1D3FB}"
EndProject
Project("{FAE04EC0-301F-11D3-BF4B-00C04F79EFBC}") = "Implementing DoublyLinkedList", "Implementing DoublyLinkedList\Implementing DoublyLinkedList.csproj", "{4554F66D-3ED5-47CD-8289-B14D9F9CBC43}"
EndProject
Project("{FAE04EC0-301F-11D3-BF4B-00C04F79EFBC}") = "Dice Game", "Dice Game\Dice Game.csproj", "{F4E7ED6C-A858-4862-906E-49B7034C0363}"
EndProject
Project("{FAE04EC0-301F-11D3-BF4B-00C04F79EFBC}") = "Exam - Parking", "Exam - Parking\Exam - Parking.csproj", "{CE08A5DC-733A-478F-9285-EE62B0C5C29A}"
EndProject
Global
	GlobalSection(SolutionConfigurationPlatforms) = preSolution
		Debug|Any CPU = Debug|Any CPU
		Release|Any CPU = Release|Any CPU
	EndGlobalSection
	GlobalSection(ProjectConfigurationPlatforms) = postSolution
		{96CBEE01-E5FC-4A86-950F-F319C79A2D8C}.Debug|Any CPU.ActiveCfg = Debug|Any CPU
		{96CBEE01-E5FC-4A86-950F-F319C79A2D8C}.Debug|Any CPU.Build.0 = Debug|Any CPU
		{96CBEE01-E5FC-4A86-950F-F319C79A2D8C}.Release|Any CPU.ActiveCfg = Release|Any CPU
		{96CBEE01-E5FC-4A86-950F-F319C79A2D8C}.Release|Any CPU.Build.0 = Release|Any CPU
		{A37A466E-CAB7-496B-9321-52EC32D46652}.Debug|Any CPU.ActiveCfg = Debug|Any CPU
		{A37A466E-CAB7-496B-9321-52EC32D46652}.Debug|Any CPU.Build.0 = Debug|Any CPU
		{A37A466E-CAB7-496B-9321-52EC32D46652}.Release|Any CPU.ActiveCfg = Release|Any CPU
		{A37A466E-CAB7-496B-9321-52EC32D46652}.Release|Any CPU.Build.0 = Release|Any CPU
		{CE115336-E562-449E-9F75-399F444F7A29}.Debug|Any CPU.ActiveCfg = Debug|Any CPU
		{CE115336-E562-449E-9F75-399F444F7A29}.Debug|Any CPU.Build.0 = Debug|Any CPU
		{CE115336-E562-449E-9F75-399F444F7A29}.Release|Any CPU.ActiveCfg = Release|Any CPU
		{CE115336-E562-449E-9F75-399F444F7A29}.Release|Any CPU.Build.0 = Release|Any CPU
		{77646E76-CB40-4B34-8686-A455E4B1D3FB}.Debug|Any CPU.ActiveCfg = Debug|Any CPU
		{77646E76-CB40-4B34-8686-A455E4B1D3FB}.Debug|Any CPU.Build.0 = Debug|Any CPU
		{77646E76-CB40-4B34-8686-A455E4B1D3FB}.Release|Any CPU.ActiveCfg = Release|Any CPU
		{77646E76-CB40-4B34-8686-A455E4B1D3FB}.Release|Any CPU.Build.0 = Release|Any CPU
		{4554F66D-3ED5-47CD-8289-B14D9F9CBC43}.Debug|Any CPU.ActiveCfg = Debug|Any CPU
		{4554F66D-3ED5-47CD-8289-B14D9F9CBC43}.Debug|Any CPU.Build.0 = Debug|Any CPU
		{4554F66D-3ED5-47CD-8289-B14D9F9CBC43}.Release|Any CPU.ActiveCfg = Release|Any CPU
		{4554F66D-3ED5-47CD-8289-B14D9F9CBC43}.Release|Any CPU.Build.0 = Release|Any CPU
		{F4E7ED6C-A858-4862-906E-49B7034C0363}.Debug|Any CPU.ActiveCfg = Debug|Any CPU
		{F4E7ED6C-A858-4862-906E-49B7034C0363}.Debug|Any CPU.Build.0 = Debug|Any CPU
		{F4E7ED6C-A858-4862-906E-49B7034C0363}.Release|Any CPU.ActiveCfg = Release|Any CPU
		{F4E7ED6C-A858-4862-906E-49B7034C0363}.Release|Any CPU.Build.0 = Release|Any CPU
		{CE08A5DC-733A-478F-9285-EE62B0C5C29A}.Debug|Any CPU.ActiveCfg = Debug|Any CPU
		{CE08A5DC-733A-478F-9285-EE62B0C5C29A}.Debug|Any CPU.Build.0 = Debug|Any CPU
		{CE08A5DC-733A-478F-9285-EE62B0C5C29A}.Release|Any CPU.ActiveCfg = Release|Any CPU
		{CE08A5DC-733A-478F-9285-EE62B0C5C29A}.Release|Any CPU.Build.0 = Release|Any CPU
	EndGlobalSection
	GlobalSection(SolutionProperties) = preSolution
		HideSolutionNode = FALSE
	EndGlobalSection
	GlobalSection(ExtensibilityGlobals) = postSolution
		SolutionGuid = {6A9B7E88-2517-4312-8744-7F66AFE6DC7D}
	EndGlobalSection
EndGlobal
