
Microsoft Visual Studio Solution File, Format Version 12.00
# Visual Studio Version 16
VisualStudioVersion = 16.0.29001.49
MinimumVisualStudioVersion = 10.0.40219.1
Project("{FAE04EC0-301F-11D3-BF4B-00C04F79EFBC}") = "Implementing ArrayList", "Implementing ArrayList\Implementing ArrayList.csproj", "{96CBEE01-E5FC-4A86-950F-F319C79A2D8C}"
EndProject
Project("{FAE04EC0-301F-11D3-BF4B-00C04F79EFBC}") = "Implementing LinkedList", "Implementing LinkedList\Implementing LinkedList.csproj", "{A37A466E-CAB7-496B-9321-52EC32D46652}"
EndProject
Global
	GlobalSection(SolutionConfigurationPlatforms) = preSolution
		Debug|Any CPU = Debug|Any CPU
		Release|Any CPU = Release|Any CPU
	EndGlobalSection
	GlobalSection(ProjectConfigurationPlatforms) = postSolution
		{96CBEE01-E5FC-4A86-950F-F319C79A2D8C}.Debug|Any CPU.ActiveCfg = Debug|Any CPU
		{96CBEE01-E5FC-4A86-950F-F319C79A2D8C}.Debug|Any CPU.Build.0 = Debug|Any CPU
		{96CBEE01-E5FC-4A86-950F-F319C79A2D8C}.Release|Any CPU.ActiveCfg = Release|Any CPU
		{96CBEE01-E5FC-4A86-950F-F319C79A2D8C}.Release|Any CPU.Build.0 = Release|Any CPU
		{A37A466E-CAB7-496B-9321-52EC32D46652}.Debug|Any CPU.ActiveCfg = Debug|Any CPU
		{A37A466E-CAB7-496B-9321-52EC32D46652}.Debug|Any CPU.Build.0 = Debug|Any CPU
		{A37A466E-CAB7-496B-9321-52EC32D46652}.Release|Any CPU.ActiveCfg = Release|Any CPU
		{A37A466E-CAB7-496B-9321-52EC32D46652}.Release|Any CPU.Build.0 = Release|Any CPU
	EndGlobalSection
	GlobalSection(SolutionProperties) = preSolution
		HideSolutionNode = FALSE
	EndGlobalSection
	GlobalSection(ExtensibilityGlobals) = postSolution
		SolutionGuid = {6A9B7E88-2517-4312-8744-7F66AFE6DC7D}
	EndGlobalSection
EndGlobal
