
Microsoft Visual Studio Solution File, Format Version 12.00
# Visual Studio 15
VisualStudioVersion = 15.0.28307.329
MinimumVisualStudioVersion = 10.0.40219.1
Project("{9A19103F-16F7-4668-BE54-9A1E7A4F7556}") = "Array statistics", "Array statistics\Array statistics.csproj", "{439F94A4-34EB-4AB3-9E1D-D6D8F2F425EF}"
EndProject
Project("{FAE04EC0-301F-11D3-BF4B-00C04F79EFBC}") = "Array most frequent ellement", "Array most frequent ellement\Array most frequent ellement.csproj", "{A8FBBB00-6E94-43CC-9B23-259176FCAF79}"
EndProject
Project("{FAE04EC0-301F-11D3-BF4B-00C04F79EFBC}") = "Array letter indexes", "Array letter indexes\Array letter indexes.csproj", "{1027E66F-ADCD-46A0-8190-0C1F4B01694F}"
EndProject
Project("{FAE04EC0-301F-11D3-BF4B-00C04F79EFBC}") = "Array to single number", "Array to single number\Array to single number.csproj", "{4D0C7BCD-6B91-4B0D-9BD5-36995405DD3F}"
EndProject
Project("{FAE04EC0-301F-11D3-BF4B-00C04F79EFBC}") = "Array rotate and sum", "Array rotate and sum\Array rotate and sum.csproj", "{1CB20D5D-CEC6-4BAE-BA92-4F0407D1C482}"
EndProject
Project("{FAE04EC0-301F-11D3-BF4B-00C04F79EFBC}") = "Aray fold and sum", "Aray fold and sum\Aray fold and sum.csproj", "{89D071BB-61FF-4933-84CB-63CF855C3372}"
EndProject
Project("{FAE04EC0-301F-11D3-BF4B-00C04F79EFBC}") = "Array edit", "Array edit\Array edit.csproj", "{81408790-D572-40C8-B3A5-E110FD040D2C}"
EndProject
Project("{FAE04EC0-301F-11D3-BF4B-00C04F79EFBC}") = "Array safe edit", "Array safe edit\Array safe edit.csproj", "{A3727568-C545-4ABD-B4E1-E6067227FB48}"
EndProject
Project("{FAE04EC0-301F-11D3-BF4B-00C04F79EFBC}") = "Array last n digits", "Array last n digits\Array last n digits.csproj", "{32919254-EF3B-4796-8732-4CB11E0A9B3C}"
EndProject
Project("{FAE04EC0-301F-11D3-BF4B-00C04F79EFBC}") = "Aray extract middle number", "Aray extract middle number\Aray extract middle number.csproj", "{7D9046BA-9FE6-4C6C-96FB-2DB17D517CAD}"
EndProject
Project("{FAE04EC0-301F-11D3-BF4B-00C04F79EFBC}") = "List of names II", "List of names II\List of names II.csproj", "{1A6A24B1-FE61-4507-AA88-8A23FCD0AD27}"
EndProject
Project("{FAE04EC0-301F-11D3-BF4B-00C04F79EFBC}") = "List of even numbers", "List of even numbers\List of even numbers.csproj", "{500BDC9F-7D17-4E14-8FE6-A7453C301F21}"
EndProject
Project("{FAE04EC0-301F-11D3-BF4B-00C04F79EFBC}") = "List max and min", "List max and min\List max and min.csproj", "{54D5C1A0-856D-49F1-98B0-857ACF8296E7}"
EndProject
Project("{FAE04EC0-301F-11D3-BF4B-00C04F79EFBC}") = "List bomb detonation", "List bomb detonation\List bomb detonation.csproj", "{5C681511-01D7-40F5-8A59-B621E735BE26}"
EndProject
Project("{FAE04EC0-301F-11D3-BF4B-00C04F79EFBC}") = "Sum of reversed numbers", "Sum of reversed numbers\Sum of reversed numbers.csproj", "{1DB95FB7-A520-4CBB-8B72-6012B4F11FB5}"
EndProject
Project("{FAE04EC0-301F-11D3-BF4B-00C04F79EFBC}") = "Remove last number", "Remove last number\Remove last number.csproj", "{A9D1CDFC-57DA-4B27-B8A6-757403FCA7D5}"
EndProject
Project("{FAE04EC0-301F-11D3-BF4B-00C04F79EFBC}") = "Remove negative numbers", "Remove negative numbers\Remove negative numbers.csproj", "{4960633F-4310-4ED0-94ED-DDED74FDF15C}"
EndProject
Project("{FAE04EC0-301F-11D3-BF4B-00C04F79EFBC}") = "List merge", "List merge\List merge.csproj", "{BC826ABE-34F3-4A62-9BA2-D575482BA926}"
EndProject
Project("{FAE04EC0-301F-11D3-BF4B-00C04F79EFBC}") = "Square roots", "Square roots\Square roots.csproj", "{C0CDB909-1234-4876-A901-F10C0AF8DC7A}"
EndProject
Project("{FAE04EC0-301F-11D3-BF4B-00C04F79EFBC}") = "Count of all numbers", "Count of all numbers\Count of all numbers.csproj", "{106FECA7-36D3-4235-B847-50EAE2AD37B4}"
EndProject
Project("{FAE04EC0-301F-11D3-BF4B-00C04F79EFBC}") = "Warehouse", "Warehouse\Warehouse.csproj", "{AA1666B0-CE80-4AC3-88BA-B18A02684E85}"
EndProject
Project("{FAE04EC0-301F-11D3-BF4B-00C04F79EFBC}") = "Renewed warehouse", "Renewed warehouse\Renewed warehouse.csproj", "{C2733F1E-F7B7-4AD9-911B-99E502359C82}"
EndProject
Project("{FAE04EC0-301F-11D3-BF4B-00C04F79EFBC}") = "Longest end", "Longest end\Longest end.csproj", "{8CFEC0D6-1ABD-4991-9489-32CC719BDE4A}"
EndProject
Project("{FAE04EC0-301F-11D3-BF4B-00C04F79EFBC}") = "Take and go", "Take and go\Take and go.csproj", "{E06B224E-3F70-44E9-9230-A22427036BAE}"
EndProject
Project("{FAE04EC0-301F-11D3-BF4B-00C04F79EFBC}") = "Pizza products", "Pizza products\Pizza products.csproj", "{2474BC9E-FD99-4FF4-9175-0CD96441BAB5}"
EndProject
Project("{FAE04EC0-301F-11D3-BF4B-00C04F79EFBC}") = "Heist", "Heist\Heist.csproj", "{74B0038C-B44A-445B-8C50-1726EE2FD472}"
EndProject
Project("{FAE04EC0-301F-11D3-BF4B-00C04F79EFBC}") = "Jump around", "Jump around\Jump around.csproj", "{08C7E13E-8EC9-425D-969E-255987110F72}"
EndProject
Project("{FAE04EC0-301F-11D3-BF4B-00C04F79EFBC}") = "Sum of equal sequential numbers", "Sum of equal sequential numbers\Sum of equal sequential numbers.csproj", "{578D001D-2629-476B-98CA-0C34B5963F10}"
EndProject
Global
	GlobalSection(SolutionConfigurationPlatforms) = preSolution
		Debug|Any CPU = Debug|Any CPU
		Release|Any CPU = Release|Any CPU
	EndGlobalSection
	GlobalSection(ProjectConfigurationPlatforms) = postSolution
		{439F94A4-34EB-4AB3-9E1D-D6D8F2F425EF}.Debug|Any CPU.ActiveCfg = Debug|Any CPU
		{439F94A4-34EB-4AB3-9E1D-D6D8F2F425EF}.Debug|Any CPU.Build.0 = Debug|Any CPU
		{439F94A4-34EB-4AB3-9E1D-D6D8F2F425EF}.Release|Any CPU.ActiveCfg = Release|Any CPU
		{439F94A4-34EB-4AB3-9E1D-D6D8F2F425EF}.Release|Any CPU.Build.0 = Release|Any CPU
		{A8FBBB00-6E94-43CC-9B23-259176FCAF79}.Debug|Any CPU.ActiveCfg = Debug|Any CPU
		{A8FBBB00-6E94-43CC-9B23-259176FCAF79}.Debug|Any CPU.Build.0 = Debug|Any CPU
		{A8FBBB00-6E94-43CC-9B23-259176FCAF79}.Release|Any CPU.ActiveCfg = Release|Any CPU
		{A8FBBB00-6E94-43CC-9B23-259176FCAF79}.Release|Any CPU.Build.0 = Release|Any CPU
		{1027E66F-ADCD-46A0-8190-0C1F4B01694F}.Debug|Any CPU.ActiveCfg = Debug|Any CPU
		{1027E66F-ADCD-46A0-8190-0C1F4B01694F}.Debug|Any CPU.Build.0 = Debug|Any CPU
		{1027E66F-ADCD-46A0-8190-0C1F4B01694F}.Release|Any CPU.ActiveCfg = Release|Any CPU
		{1027E66F-ADCD-46A0-8190-0C1F4B01694F}.Release|Any CPU.Build.0 = Release|Any CPU
		{4D0C7BCD-6B91-4B0D-9BD5-36995405DD3F}.Debug|Any CPU.ActiveCfg = Debug|Any CPU
		{4D0C7BCD-6B91-4B0D-9BD5-36995405DD3F}.Debug|Any CPU.Build.0 = Debug|Any CPU
		{4D0C7BCD-6B91-4B0D-9BD5-36995405DD3F}.Release|Any CPU.ActiveCfg = Release|Any CPU
		{4D0C7BCD-6B91-4B0D-9BD5-36995405DD3F}.Release|Any CPU.Build.0 = Release|Any CPU
		{1CB20D5D-CEC6-4BAE-BA92-4F0407D1C482}.Debug|Any CPU.ActiveCfg = Debug|Any CPU
		{1CB20D5D-CEC6-4BAE-BA92-4F0407D1C482}.Debug|Any CPU.Build.0 = Debug|Any CPU
		{1CB20D5D-CEC6-4BAE-BA92-4F0407D1C482}.Release|Any CPU.ActiveCfg = Release|Any CPU
		{1CB20D5D-CEC6-4BAE-BA92-4F0407D1C482}.Release|Any CPU.Build.0 = Release|Any CPU
		{89D071BB-61FF-4933-84CB-63CF855C3372}.Debug|Any CPU.ActiveCfg = Debug|Any CPU
		{89D071BB-61FF-4933-84CB-63CF855C3372}.Debug|Any CPU.Build.0 = Debug|Any CPU
		{89D071BB-61FF-4933-84CB-63CF855C3372}.Release|Any CPU.ActiveCfg = Release|Any CPU
		{89D071BB-61FF-4933-84CB-63CF855C3372}.Release|Any CPU.Build.0 = Release|Any CPU
		{81408790-D572-40C8-B3A5-E110FD040D2C}.Debug|Any CPU.ActiveCfg = Debug|Any CPU
		{81408790-D572-40C8-B3A5-E110FD040D2C}.Debug|Any CPU.Build.0 = Debug|Any CPU
		{81408790-D572-40C8-B3A5-E110FD040D2C}.Release|Any CPU.ActiveCfg = Release|Any CPU
		{81408790-D572-40C8-B3A5-E110FD040D2C}.Release|Any CPU.Build.0 = Release|Any CPU
		{A3727568-C545-4ABD-B4E1-E6067227FB48}.Debug|Any CPU.ActiveCfg = Debug|Any CPU
		{A3727568-C545-4ABD-B4E1-E6067227FB48}.Debug|Any CPU.Build.0 = Debug|Any CPU
		{A3727568-C545-4ABD-B4E1-E6067227FB48}.Release|Any CPU.ActiveCfg = Release|Any CPU
		{A3727568-C545-4ABD-B4E1-E6067227FB48}.Release|Any CPU.Build.0 = Release|Any CPU
		{32919254-EF3B-4796-8732-4CB11E0A9B3C}.Debug|Any CPU.ActiveCfg = Debug|Any CPU
		{32919254-EF3B-4796-8732-4CB11E0A9B3C}.Debug|Any CPU.Build.0 = Debug|Any CPU
		{32919254-EF3B-4796-8732-4CB11E0A9B3C}.Release|Any CPU.ActiveCfg = Release|Any CPU
		{32919254-EF3B-4796-8732-4CB11E0A9B3C}.Release|Any CPU.Build.0 = Release|Any CPU
		{7D9046BA-9FE6-4C6C-96FB-2DB17D517CAD}.Debug|Any CPU.ActiveCfg = Debug|Any CPU
		{7D9046BA-9FE6-4C6C-96FB-2DB17D517CAD}.Debug|Any CPU.Build.0 = Debug|Any CPU
		{7D9046BA-9FE6-4C6C-96FB-2DB17D517CAD}.Release|Any CPU.ActiveCfg = Release|Any CPU
		{7D9046BA-9FE6-4C6C-96FB-2DB17D517CAD}.Release|Any CPU.Build.0 = Release|Any CPU
		{1A6A24B1-FE61-4507-AA88-8A23FCD0AD27}.Debug|Any CPU.ActiveCfg = Debug|Any CPU
		{1A6A24B1-FE61-4507-AA88-8A23FCD0AD27}.Debug|Any CPU.Build.0 = Debug|Any CPU
		{1A6A24B1-FE61-4507-AA88-8A23FCD0AD27}.Release|Any CPU.ActiveCfg = Release|Any CPU
		{1A6A24B1-FE61-4507-AA88-8A23FCD0AD27}.Release|Any CPU.Build.0 = Release|Any CPU
		{500BDC9F-7D17-4E14-8FE6-A7453C301F21}.Debug|Any CPU.ActiveCfg = Debug|Any CPU
		{500BDC9F-7D17-4E14-8FE6-A7453C301F21}.Debug|Any CPU.Build.0 = Debug|Any CPU
		{500BDC9F-7D17-4E14-8FE6-A7453C301F21}.Release|Any CPU.ActiveCfg = Release|Any CPU
		{500BDC9F-7D17-4E14-8FE6-A7453C301F21}.Release|Any CPU.Build.0 = Release|Any CPU
		{54D5C1A0-856D-49F1-98B0-857ACF8296E7}.Debug|Any CPU.ActiveCfg = Debug|Any CPU
		{54D5C1A0-856D-49F1-98B0-857ACF8296E7}.Debug|Any CPU.Build.0 = Debug|Any CPU
		{54D5C1A0-856D-49F1-98B0-857ACF8296E7}.Release|Any CPU.ActiveCfg = Release|Any CPU
		{54D5C1A0-856D-49F1-98B0-857ACF8296E7}.Release|Any CPU.Build.0 = Release|Any CPU
		{5C681511-01D7-40F5-8A59-B621E735BE26}.Debug|Any CPU.ActiveCfg = Debug|Any CPU
		{5C681511-01D7-40F5-8A59-B621E735BE26}.Debug|Any CPU.Build.0 = Debug|Any CPU
		{5C681511-01D7-40F5-8A59-B621E735BE26}.Release|Any CPU.ActiveCfg = Release|Any CPU
		{5C681511-01D7-40F5-8A59-B621E735BE26}.Release|Any CPU.Build.0 = Release|Any CPU
		{1DB95FB7-A520-4CBB-8B72-6012B4F11FB5}.Debug|Any CPU.ActiveCfg = Debug|Any CPU
		{1DB95FB7-A520-4CBB-8B72-6012B4F11FB5}.Debug|Any CPU.Build.0 = Debug|Any CPU
		{1DB95FB7-A520-4CBB-8B72-6012B4F11FB5}.Release|Any CPU.ActiveCfg = Release|Any CPU
		{1DB95FB7-A520-4CBB-8B72-6012B4F11FB5}.Release|Any CPU.Build.0 = Release|Any CPU
		{A9D1CDFC-57DA-4B27-B8A6-757403FCA7D5}.Debug|Any CPU.ActiveCfg = Debug|Any CPU
		{A9D1CDFC-57DA-4B27-B8A6-757403FCA7D5}.Debug|Any CPU.Build.0 = Debug|Any CPU
		{A9D1CDFC-57DA-4B27-B8A6-757403FCA7D5}.Release|Any CPU.ActiveCfg = Release|Any CPU
		{A9D1CDFC-57DA-4B27-B8A6-757403FCA7D5}.Release|Any CPU.Build.0 = Release|Any CPU
		{4960633F-4310-4ED0-94ED-DDED74FDF15C}.Debug|Any CPU.ActiveCfg = Debug|Any CPU
		{4960633F-4310-4ED0-94ED-DDED74FDF15C}.Debug|Any CPU.Build.0 = Debug|Any CPU
		{4960633F-4310-4ED0-94ED-DDED74FDF15C}.Release|Any CPU.ActiveCfg = Release|Any CPU
		{4960633F-4310-4ED0-94ED-DDED74FDF15C}.Release|Any CPU.Build.0 = Release|Any CPU
		{BC826ABE-34F3-4A62-9BA2-D575482BA926}.Debug|Any CPU.ActiveCfg = Debug|Any CPU
		{BC826ABE-34F3-4A62-9BA2-D575482BA926}.Debug|Any CPU.Build.0 = Debug|Any CPU
		{BC826ABE-34F3-4A62-9BA2-D575482BA926}.Release|Any CPU.ActiveCfg = Release|Any CPU
		{BC826ABE-34F3-4A62-9BA2-D575482BA926}.Release|Any CPU.Build.0 = Release|Any CPU
		{C0CDB909-1234-4876-A901-F10C0AF8DC7A}.Debug|Any CPU.ActiveCfg = Debug|Any CPU
		{C0CDB909-1234-4876-A901-F10C0AF8DC7A}.Debug|Any CPU.Build.0 = Debug|Any CPU
		{C0CDB909-1234-4876-A901-F10C0AF8DC7A}.Release|Any CPU.ActiveCfg = Release|Any CPU
		{C0CDB909-1234-4876-A901-F10C0AF8DC7A}.Release|Any CPU.Build.0 = Release|Any CPU
		{106FECA7-36D3-4235-B847-50EAE2AD37B4}.Debug|Any CPU.ActiveCfg = Debug|Any CPU
		{106FECA7-36D3-4235-B847-50EAE2AD37B4}.Debug|Any CPU.Build.0 = Debug|Any CPU
		{106FECA7-36D3-4235-B847-50EAE2AD37B4}.Release|Any CPU.ActiveCfg = Release|Any CPU
		{106FECA7-36D3-4235-B847-50EAE2AD37B4}.Release|Any CPU.Build.0 = Release|Any CPU
		{AA1666B0-CE80-4AC3-88BA-B18A02684E85}.Debug|Any CPU.ActiveCfg = Debug|Any CPU
		{AA1666B0-CE80-4AC3-88BA-B18A02684E85}.Debug|Any CPU.Build.0 = Debug|Any CPU
		{AA1666B0-CE80-4AC3-88BA-B18A02684E85}.Release|Any CPU.ActiveCfg = Release|Any CPU
		{AA1666B0-CE80-4AC3-88BA-B18A02684E85}.Release|Any CPU.Build.0 = Release|Any CPU
		{C2733F1E-F7B7-4AD9-911B-99E502359C82}.Debug|Any CPU.ActiveCfg = Debug|Any CPU
		{C2733F1E-F7B7-4AD9-911B-99E502359C82}.Debug|Any CPU.Build.0 = Debug|Any CPU
		{C2733F1E-F7B7-4AD9-911B-99E502359C82}.Release|Any CPU.ActiveCfg = Release|Any CPU
		{C2733F1E-F7B7-4AD9-911B-99E502359C82}.Release|Any CPU.Build.0 = Release|Any CPU
		{8CFEC0D6-1ABD-4991-9489-32CC719BDE4A}.Debug|Any CPU.ActiveCfg = Debug|Any CPU
		{8CFEC0D6-1ABD-4991-9489-32CC719BDE4A}.Debug|Any CPU.Build.0 = Debug|Any CPU
		{8CFEC0D6-1ABD-4991-9489-32CC719BDE4A}.Release|Any CPU.ActiveCfg = Release|Any CPU
		{8CFEC0D6-1ABD-4991-9489-32CC719BDE4A}.Release|Any CPU.Build.0 = Release|Any CPU
		{E06B224E-3F70-44E9-9230-A22427036BAE}.Debug|Any CPU.ActiveCfg = Debug|Any CPU
		{E06B224E-3F70-44E9-9230-A22427036BAE}.Debug|Any CPU.Build.0 = Debug|Any CPU
		{E06B224E-3F70-44E9-9230-A22427036BAE}.Release|Any CPU.ActiveCfg = Release|Any CPU
		{E06B224E-3F70-44E9-9230-A22427036BAE}.Release|Any CPU.Build.0 = Release|Any CPU
		{2474BC9E-FD99-4FF4-9175-0CD96441BAB5}.Debug|Any CPU.ActiveCfg = Debug|Any CPU
		{2474BC9E-FD99-4FF4-9175-0CD96441BAB5}.Debug|Any CPU.Build.0 = Debug|Any CPU
		{2474BC9E-FD99-4FF4-9175-0CD96441BAB5}.Release|Any CPU.ActiveCfg = Release|Any CPU
		{2474BC9E-FD99-4FF4-9175-0CD96441BAB5}.Release|Any CPU.Build.0 = Release|Any CPU
		{74B0038C-B44A-445B-8C50-1726EE2FD472}.Debug|Any CPU.ActiveCfg = Debug|Any CPU
		{74B0038C-B44A-445B-8C50-1726EE2FD472}.Debug|Any CPU.Build.0 = Debug|Any CPU
		{74B0038C-B44A-445B-8C50-1726EE2FD472}.Release|Any CPU.ActiveCfg = Release|Any CPU
		{74B0038C-B44A-445B-8C50-1726EE2FD472}.Release|Any CPU.Build.0 = Release|Any CPU
		{08C7E13E-8EC9-425D-969E-255987110F72}.Debug|Any CPU.ActiveCfg = Debug|Any CPU
		{08C7E13E-8EC9-425D-969E-255987110F72}.Debug|Any CPU.Build.0 = Debug|Any CPU
		{08C7E13E-8EC9-425D-969E-255987110F72}.Release|Any CPU.ActiveCfg = Release|Any CPU
		{08C7E13E-8EC9-425D-969E-255987110F72}.Release|Any CPU.Build.0 = Release|Any CPU
		{578D001D-2629-476B-98CA-0C34B5963F10}.Debug|Any CPU.ActiveCfg = Debug|Any CPU
		{578D001D-2629-476B-98CA-0C34B5963F10}.Debug|Any CPU.Build.0 = Debug|Any CPU
		{578D001D-2629-476B-98CA-0C34B5963F10}.Release|Any CPU.ActiveCfg = Release|Any CPU
		{578D001D-2629-476B-98CA-0C34B5963F10}.Release|Any CPU.Build.0 = Release|Any CPU
	EndGlobalSection
	GlobalSection(SolutionProperties) = preSolution
		HideSolutionNode = FALSE
	EndGlobalSection
	GlobalSection(ExtensibilityGlobals) = postSolution
		SolutionGuid = {9543F40E-4CBD-4458-AC11-D02FF26775AD}
	EndGlobalSection
EndGlobal
