
Microsoft Visual Studio Solution File, Format Version 12.00
# Visual Studio 15
VisualStudioVersion = 15.0.28307.421
MinimumVisualStudioVersion = 10.0.40219.1
Project("{FAE04EC0-301F-11D3-BF4B-00C04F79EFBC}") = "Defining class Person", "Defining class Person\Defining class Person.csproj", "{A9ED5CB1-6705-44F2-A3A4-4CB7EB4E0615}"
EndProject
Project("{FAE04EC0-301F-11D3-BF4B-00C04F79EFBC}") = "Bank account", "Bank account\Bank account.csproj", "{B8A9C179-C0FA-405A-A47A-ED32F083E8CA}"
EndProject
Project("{FAE04EC0-301F-11D3-BF4B-00C04F79EFBC}") = "Test client", "Test client\Test client.csproj", "{34A8A38D-C086-4ACB-82BF-E369CF0F4519}"
EndProject
Project("{FAE04EC0-301F-11D3-BF4B-00C04F79EFBC}") = "A person and his money", "A person and his money\A person and his money.csproj", "{081CD4A0-F63C-463D-8AC2-62EC055F9A59}"
EndProject
Project("{FAE04EC0-301F-11D3-BF4B-00C04F79EFBC}") = "List of employees", "List of employees\List of employees.csproj", "{94559A2D-6EEE-4F60-920B-0AADFCD79A11}"
EndProject
Project("{FAE04EC0-301F-11D3-BF4B-00C04F79EFBC}") = "Statistical research", "Statistical research\Statistical research.csproj", "{E5BD8828-E49E-4B97-8EA9-D1FC8BE37705}"
EndProject
Project("{FAE04EC0-301F-11D3-BF4B-00C04F79EFBC}") = "Difference between two dates", "Difference between two dates\Difference between two dates.csproj", "{B46AB21D-23ED-4987-ACBC-36A3040E7E3C}"
EndProject
Project("{FAE04EC0-301F-11D3-BF4B-00C04F79EFBC}") = "Raw Data - car", "Raw Data - car\Raw Data - car.csproj", "{F5387E9F-D347-4B38-B7CD-F491E2B56E2D}"
EndProject
Global
	GlobalSection(SolutionConfigurationPlatforms) = preSolution
		Debug|Any CPU = Debug|Any CPU
		Release|Any CPU = Release|Any CPU
	EndGlobalSection
	GlobalSection(ProjectConfigurationPlatforms) = postSolution
		{A9ED5CB1-6705-44F2-A3A4-4CB7EB4E0615}.Debug|Any CPU.ActiveCfg = Debug|Any CPU
		{A9ED5CB1-6705-44F2-A3A4-4CB7EB4E0615}.Debug|Any CPU.Build.0 = Debug|Any CPU
		{A9ED5CB1-6705-44F2-A3A4-4CB7EB4E0615}.Release|Any CPU.ActiveCfg = Release|Any CPU
		{A9ED5CB1-6705-44F2-A3A4-4CB7EB4E0615}.Release|Any CPU.Build.0 = Release|Any CPU
		{B8A9C179-C0FA-405A-A47A-ED32F083E8CA}.Debug|Any CPU.ActiveCfg = Debug|Any CPU
		{B8A9C179-C0FA-405A-A47A-ED32F083E8CA}.Debug|Any CPU.Build.0 = Debug|Any CPU
		{B8A9C179-C0FA-405A-A47A-ED32F083E8CA}.Release|Any CPU.ActiveCfg = Release|Any CPU
		{B8A9C179-C0FA-405A-A47A-ED32F083E8CA}.Release|Any CPU.Build.0 = Release|Any CPU
		{34A8A38D-C086-4ACB-82BF-E369CF0F4519}.Debug|Any CPU.ActiveCfg = Debug|Any CPU
		{34A8A38D-C086-4ACB-82BF-E369CF0F4519}.Debug|Any CPU.Build.0 = Debug|Any CPU
		{34A8A38D-C086-4ACB-82BF-E369CF0F4519}.Release|Any CPU.ActiveCfg = Release|Any CPU
		{34A8A38D-C086-4ACB-82BF-E369CF0F4519}.Release|Any CPU.Build.0 = Release|Any CPU
		{081CD4A0-F63C-463D-8AC2-62EC055F9A59}.Debug|Any CPU.ActiveCfg = Debug|Any CPU
		{081CD4A0-F63C-463D-8AC2-62EC055F9A59}.Debug|Any CPU.Build.0 = Debug|Any CPU
		{081CD4A0-F63C-463D-8AC2-62EC055F9A59}.Release|Any CPU.ActiveCfg = Release|Any CPU
		{081CD4A0-F63C-463D-8AC2-62EC055F9A59}.Release|Any CPU.Build.0 = Release|Any CPU
		{94559A2D-6EEE-4F60-920B-0AADFCD79A11}.Debug|Any CPU.ActiveCfg = Debug|Any CPU
		{94559A2D-6EEE-4F60-920B-0AADFCD79A11}.Debug|Any CPU.Build.0 = Debug|Any CPU
		{94559A2D-6EEE-4F60-920B-0AADFCD79A11}.Release|Any CPU.ActiveCfg = Release|Any CPU
		{94559A2D-6EEE-4F60-920B-0AADFCD79A11}.Release|Any CPU.Build.0 = Release|Any CPU
		{E5BD8828-E49E-4B97-8EA9-D1FC8BE37705}.Debug|Any CPU.ActiveCfg = Debug|Any CPU
		{E5BD8828-E49E-4B97-8EA9-D1FC8BE37705}.Debug|Any CPU.Build.0 = Debug|Any CPU
		{E5BD8828-E49E-4B97-8EA9-D1FC8BE37705}.Release|Any CPU.ActiveCfg = Release|Any CPU
		{E5BD8828-E49E-4B97-8EA9-D1FC8BE37705}.Release|Any CPU.Build.0 = Release|Any CPU
		{B46AB21D-23ED-4987-ACBC-36A3040E7E3C}.Debug|Any CPU.ActiveCfg = Debug|Any CPU
		{B46AB21D-23ED-4987-ACBC-36A3040E7E3C}.Debug|Any CPU.Build.0 = Debug|Any CPU
		{B46AB21D-23ED-4987-ACBC-36A3040E7E3C}.Release|Any CPU.ActiveCfg = Release|Any CPU
		{B46AB21D-23ED-4987-ACBC-36A3040E7E3C}.Release|Any CPU.Build.0 = Release|Any CPU
		{F5387E9F-D347-4B38-B7CD-F491E2B56E2D}.Debug|Any CPU.ActiveCfg = Debug|Any CPU
		{F5387E9F-D347-4B38-B7CD-F491E2B56E2D}.Debug|Any CPU.Build.0 = Debug|Any CPU
		{F5387E9F-D347-4B38-B7CD-F491E2B56E2D}.Release|Any CPU.ActiveCfg = Release|Any CPU
		{F5387E9F-D347-4B38-B7CD-F491E2B56E2D}.Release|Any CPU.Build.0 = Release|Any CPU
	EndGlobalSection
	GlobalSection(SolutionProperties) = preSolution
		HideSolutionNode = FALSE
	EndGlobalSection
	GlobalSection(ExtensibilityGlobals) = postSolution
		SolutionGuid = {BD8BCBA9-9991-491F-ABBB-CBD10207E0F0}
	EndGlobalSection
EndGlobal
