
Microsoft Visual Studio Solution File, Format Version 12.00
# Visual Studio Version 16
VisualStudioVersion = 16.0.29230.47
MinimumVisualStudioVersion = 10.0.40219.1
Project("{FAE04EC0-301F-11D3-BF4B-00C04F79EFBC}") = "Histogram", "Histogram.csproj", "{720C8D61-387C-4E61-993D-AEDC58892C85}"
EndProject
Global
	GlobalSection(SolutionConfigurationPlatforms) = preSolution
		Debug|Any CPU = Debug|Any CPU
		Release|Any CPU = Release|Any CPU
	EndGlobalSection
	GlobalSection(ProjectConfigurationPlatforms) = postSolution
		{720C8D61-387C-4E61-993D-AEDC58892C85}.Debug|Any CPU.ActiveCfg = Debug|Any CPU
		{720C8D61-387C-4E61-993D-AEDC58892C85}.Debug|Any CPU.Build.0 = Debug|Any CPU
		{720C8D61-387C-4E61-993D-AEDC58892C85}.Release|Any CPU.ActiveCfg = Release|Any CPU
		{720C8D61-387C-4E61-993D-AEDC58892C85}.Release|Any CPU.Build.0 = Release|Any CPU
	EndGlobalSection
	GlobalSection(SolutionProperties) = preSolution
		HideSolutionNode = FALSE
	EndGlobalSection
	GlobalSection(ExtensibilityGlobals) = postSolution
		SolutionGuid = {A1F312C2-19A7-4E03-8F00-AD0CA65B4EBC}
	EndGlobalSection
EndGlobal
