
Microsoft Visual Studio Solution File, Format Version 12.00
# Visual Studio 15
VisualStudioVersion = 15.0.28307.421
MinimumVisualStudioVersion = 10.0.40219.1
Project("{FAE04EC0-301F-11D3-BF4B-00C04F79EFBC}") = "Odd number of occrrences", "Odd number of occrrences\Odd number of occrrences.csproj", "{EA05B6DB-9109-447E-BF36-EF7626FC77D0}"
EndProject
Project("{FAE04EC0-301F-11D3-BF4B-00C04F79EFBC}") = "Phonebook", "Phonebook\Phonebook.csproj", "{697075C3-88F4-42CA-8463-3AA547BF7184}"
EndProject
Project("{FAE04EC0-301F-11D3-BF4B-00C04F79EFBC}") = "Mining exercise", "Mining exercise\Mining exercise.csproj", "{58557E6D-93AB-4DDF-89FA-4AA1D906E22A}"
EndProject
Project("{FAE04EC0-301F-11D3-BF4B-00C04F79EFBC}") = "Supermarket", "Supermarket\Supermarket.csproj", "{24566DC4-B85D-4DA9-BCF6-26B3170DCA97}"
EndProject
Project("{FAE04EC0-301F-11D3-BF4B-00C04F79EFBC}") = "Number of floating point numbers", "Number of floating point numbers\Number of floating point numbers.csproj", "{5CBDAFA2-AF58-4896-8375-44DD205B6ABF}"
EndProject
Project("{FAE04EC0-301F-11D3-BF4B-00C04F79EFBC}") = "Improved phonebook", "Improved phonebook\Improved phonebook.csproj", "{4586F2E7-E463-4982-85A9-82E81B703A72}"
EndProject
Project("{FAE04EC0-301F-11D3-BF4B-00C04F79EFBC}") = "Three biggest numbers", "Three biggest numbers\Three biggest numbers.csproj", "{81785372-005A-47C8-B9B3-220967D46CBA}"
EndProject
Project("{FAE04EC0-301F-11D3-BF4B-00C04F79EFBC}") = "Sorting short words", "Sorting short words\Sorting short words.csproj", "{7C66331A-7CAB-4A43-A7ED-91376A6844B6}"
EndProject
Project("{FAE04EC0-301F-11D3-BF4B-00C04F79EFBC}") = "Fold and sum", "Fold and sum\Fold and sum.csproj", "{5B59EF95-AC4A-41EE-B145-006DEF351C14}"
EndProject
Project("{FAE04EC0-301F-11D3-BF4B-00C04F79EFBC}") = "Sorted hours", "Sorted hours\Sorted hours.csproj", "{8C57FE90-236C-434D-AE51-E688C838DDD3}"
EndProject
Project("{FAE04EC0-301F-11D3-BF4B-00C04F79EFBC}") = "Odd numbers filter", "Odd numbers filter\Odd numbers filter.csproj", "{2F30EA3F-D95B-4D9F-B8A8-6898643D1D5A}"
EndProject
Project("{FAE04EC0-301F-11D3-BF4B-00C04F79EFBC}") = "Immune system", "Immune system\Immune system.csproj", "{72AD8BCC-7573-4DF7-961D-39624356737C}"
EndProject
Project("{FAE04EC0-301F-11D3-BF4B-00C04F79EFBC}") = "E-mail assignment", "E-mail assignment\E-mail assignment.csproj", "{C2BAE71C-894D-4924-A346-F57BC4C31EA0}"
EndProject
Project("{FAE04EC0-301F-11D3-BF4B-00C04F79EFBC}") = "Good hand", "Good hand\Good hand.csproj", "{92377D89-A56D-4470-83C8-63C269EE4B6E}"
EndProject
Global
	GlobalSection(SolutionConfigurationPlatforms) = preSolution
		Debug|Any CPU = Debug|Any CPU
		Release|Any CPU = Release|Any CPU
	EndGlobalSection
	GlobalSection(ProjectConfigurationPlatforms) = postSolution
		{EA05B6DB-9109-447E-BF36-EF7626FC77D0}.Debug|Any CPU.ActiveCfg = Debug|Any CPU
		{EA05B6DB-9109-447E-BF36-EF7626FC77D0}.Debug|Any CPU.Build.0 = Debug|Any CPU
		{EA05B6DB-9109-447E-BF36-EF7626FC77D0}.Release|Any CPU.ActiveCfg = Release|Any CPU
		{EA05B6DB-9109-447E-BF36-EF7626FC77D0}.Release|Any CPU.Build.0 = Release|Any CPU
		{697075C3-88F4-42CA-8463-3AA547BF7184}.Debug|Any CPU.ActiveCfg = Debug|Any CPU
		{697075C3-88F4-42CA-8463-3AA547BF7184}.Debug|Any CPU.Build.0 = Debug|Any CPU
		{697075C3-88F4-42CA-8463-3AA547BF7184}.Release|Any CPU.ActiveCfg = Release|Any CPU
		{697075C3-88F4-42CA-8463-3AA547BF7184}.Release|Any CPU.Build.0 = Release|Any CPU
		{58557E6D-93AB-4DDF-89FA-4AA1D906E22A}.Debug|Any CPU.ActiveCfg = Debug|Any CPU
		{58557E6D-93AB-4DDF-89FA-4AA1D906E22A}.Debug|Any CPU.Build.0 = Debug|Any CPU
		{58557E6D-93AB-4DDF-89FA-4AA1D906E22A}.Release|Any CPU.ActiveCfg = Release|Any CPU
		{58557E6D-93AB-4DDF-89FA-4AA1D906E22A}.Release|Any CPU.Build.0 = Release|Any CPU
		{24566DC4-B85D-4DA9-BCF6-26B3170DCA97}.Debug|Any CPU.ActiveCfg = Debug|Any CPU
		{24566DC4-B85D-4DA9-BCF6-26B3170DCA97}.Debug|Any CPU.Build.0 = Debug|Any CPU
		{24566DC4-B85D-4DA9-BCF6-26B3170DCA97}.Release|Any CPU.ActiveCfg = Release|Any CPU
		{24566DC4-B85D-4DA9-BCF6-26B3170DCA97}.Release|Any CPU.Build.0 = Release|Any CPU
		{5CBDAFA2-AF58-4896-8375-44DD205B6ABF}.Debug|Any CPU.ActiveCfg = Debug|Any CPU
		{5CBDAFA2-AF58-4896-8375-44DD205B6ABF}.Debug|Any CPU.Build.0 = Debug|Any CPU
		{5CBDAFA2-AF58-4896-8375-44DD205B6ABF}.Release|Any CPU.ActiveCfg = Release|Any CPU
		{5CBDAFA2-AF58-4896-8375-44DD205B6ABF}.Release|Any CPU.Build.0 = Release|Any CPU
		{4586F2E7-E463-4982-85A9-82E81B703A72}.Debug|Any CPU.ActiveCfg = Debug|Any CPU
		{4586F2E7-E463-4982-85A9-82E81B703A72}.Debug|Any CPU.Build.0 = Debug|Any CPU
		{4586F2E7-E463-4982-85A9-82E81B703A72}.Release|Any CPU.ActiveCfg = Release|Any CPU
		{4586F2E7-E463-4982-85A9-82E81B703A72}.Release|Any CPU.Build.0 = Release|Any CPU
		{81785372-005A-47C8-B9B3-220967D46CBA}.Debug|Any CPU.ActiveCfg = Debug|Any CPU
		{81785372-005A-47C8-B9B3-220967D46CBA}.Debug|Any CPU.Build.0 = Debug|Any CPU
		{81785372-005A-47C8-B9B3-220967D46CBA}.Release|Any CPU.ActiveCfg = Release|Any CPU
		{81785372-005A-47C8-B9B3-220967D46CBA}.Release|Any CPU.Build.0 = Release|Any CPU
		{7C66331A-7CAB-4A43-A7ED-91376A6844B6}.Debug|Any CPU.ActiveCfg = Debug|Any CPU
		{7C66331A-7CAB-4A43-A7ED-91376A6844B6}.Debug|Any CPU.Build.0 = Debug|Any CPU
		{7C66331A-7CAB-4A43-A7ED-91376A6844B6}.Release|Any CPU.ActiveCfg = Release|Any CPU
		{7C66331A-7CAB-4A43-A7ED-91376A6844B6}.Release|Any CPU.Build.0 = Release|Any CPU
		{5B59EF95-AC4A-41EE-B145-006DEF351C14}.Debug|Any CPU.ActiveCfg = Debug|Any CPU
		{5B59EF95-AC4A-41EE-B145-006DEF351C14}.Debug|Any CPU.Build.0 = Debug|Any CPU
		{5B59EF95-AC4A-41EE-B145-006DEF351C14}.Release|Any CPU.ActiveCfg = Release|Any CPU
		{5B59EF95-AC4A-41EE-B145-006DEF351C14}.Release|Any CPU.Build.0 = Release|Any CPU
		{8C57FE90-236C-434D-AE51-E688C838DDD3}.Debug|Any CPU.ActiveCfg = Debug|Any CPU
		{8C57FE90-236C-434D-AE51-E688C838DDD3}.Debug|Any CPU.Build.0 = Debug|Any CPU
		{8C57FE90-236C-434D-AE51-E688C838DDD3}.Release|Any CPU.ActiveCfg = Release|Any CPU
		{8C57FE90-236C-434D-AE51-E688C838DDD3}.Release|Any CPU.Build.0 = Release|Any CPU
		{2F30EA3F-D95B-4D9F-B8A8-6898643D1D5A}.Debug|Any CPU.ActiveCfg = Debug|Any CPU
		{2F30EA3F-D95B-4D9F-B8A8-6898643D1D5A}.Debug|Any CPU.Build.0 = Debug|Any CPU
		{2F30EA3F-D95B-4D9F-B8A8-6898643D1D5A}.Release|Any CPU.ActiveCfg = Release|Any CPU
		{2F30EA3F-D95B-4D9F-B8A8-6898643D1D5A}.Release|Any CPU.Build.0 = Release|Any CPU
		{72AD8BCC-7573-4DF7-961D-39624356737C}.Debug|Any CPU.ActiveCfg = Debug|Any CPU
		{72AD8BCC-7573-4DF7-961D-39624356737C}.Debug|Any CPU.Build.0 = Debug|Any CPU
		{72AD8BCC-7573-4DF7-961D-39624356737C}.Release|Any CPU.ActiveCfg = Release|Any CPU
		{72AD8BCC-7573-4DF7-961D-39624356737C}.Release|Any CPU.Build.0 = Release|Any CPU
		{C2BAE71C-894D-4924-A346-F57BC4C31EA0}.Debug|Any CPU.ActiveCfg = Debug|Any CPU
		{C2BAE71C-894D-4924-A346-F57BC4C31EA0}.Debug|Any CPU.Build.0 = Debug|Any CPU
		{C2BAE71C-894D-4924-A346-F57BC4C31EA0}.Release|Any CPU.ActiveCfg = Release|Any CPU
		{C2BAE71C-894D-4924-A346-F57BC4C31EA0}.Release|Any CPU.Build.0 = Release|Any CPU
		{92377D89-A56D-4470-83C8-63C269EE4B6E}.Debug|Any CPU.ActiveCfg = Debug|Any CPU
		{92377D89-A56D-4470-83C8-63C269EE4B6E}.Debug|Any CPU.Build.0 = Debug|Any CPU
		{92377D89-A56D-4470-83C8-63C269EE4B6E}.Release|Any CPU.ActiveCfg = Release|Any CPU
		{92377D89-A56D-4470-83C8-63C269EE4B6E}.Release|Any CPU.Build.0 = Release|Any CPU
	EndGlobalSection
	GlobalSection(SolutionProperties) = preSolution
		HideSolutionNode = FALSE
	EndGlobalSection
	GlobalSection(ExtensibilityGlobals) = postSolution
		SolutionGuid = {2068A2FA-A618-4C55-80EF-C2E3CB21238C}
	EndGlobalSection
EndGlobal
