
Microsoft Visual Studio Solution File, Format Version 12.00
# Visual Studio Version 16
VisualStudioVersion = 16.0.29230.47
MinimumVisualStudioVersion = 10.0.40219.1
Project("{FAE04EC0-301F-11D3-BF4B-00C04F79EFBC}") = "Transit price", "Transit price.csproj", "{5873E2B9-49DE-4E5E-BFC8-6189B3EB9D25}"
EndProject
Global
	GlobalSection(SolutionConfigurationPlatforms) = preSolution
		Debug|Any CPU = Debug|Any CPU
		Release|Any CPU = Release|Any CPU
	EndGlobalSection
	GlobalSection(ProjectConfigurationPlatforms) = postSolution
		{5873E2B9-49DE-4E5E-BFC8-6189B3EB9D25}.Debug|Any CPU.ActiveCfg = Debug|Any CPU
		{5873E2B9-49DE-4E5E-BFC8-6189B3EB9D25}.Debug|Any CPU.Build.0 = Debug|Any CPU
		{5873E2B9-49DE-4E5E-BFC8-6189B3EB9D25}.Release|Any CPU.ActiveCfg = Release|Any CPU
		{5873E2B9-49DE-4E5E-BFC8-6189B3EB9D25}.Release|Any CPU.Build.0 = Release|Any CPU
	EndGlobalSection
	GlobalSection(SolutionProperties) = preSolution
		HideSolutionNode = FALSE
	EndGlobalSection
	GlobalSection(ExtensibilityGlobals) = postSolution
		SolutionGuid = {4CDE53E0-6EAC-47EB-9DC2-DDECCB2EFD0E}
	EndGlobalSection
EndGlobal
